Microsoft Visual Studio Solution File, Format Version 12.00
# Visual Studio Version 17
VisualStudioVersion = 17.5.2.0
MinimumVisualStudioVersion = 10.0.40219.1
Project("{FAE04EC0-301F-11D3-BF4B-00C04F79EFBC}") = "lab1v11", "lab1v11\lab1v11.csproj", "{AFBD9C19-9C05-E1F3-7ECE-C947A4C3E8DB}"
EndProject
Project("{FAE04EC0-301F-11D3-BF4B-00C04F79EFBC}") = "lab2v11", "lab2v11\lab2v11.csproj", "{7660E6B7-3ED9-8741-56C7-EFF853DD360C}"
EndProject
Project("{FAE04EC0-301F-11D3-BF4B-00C04F79EFBC}") = "lab3v11", "lab3v11\lab3v11.csproj", "{673A1487-0ABA-CCDB-332F-F1C89F443C54}"
EndProject
Project("{FAE04EC0-301F-11D3-BF4B-00C04F79EFBC}") = "lab4v11", "lab4v11\lab4v11.csproj", "{BE805301-ECC4-A8C4-FA50-E4A46A68E87C}"
EndProject
Global
	GlobalSection(SolutionConfigurationPlatforms) = preSolution
		Debug|Any CPU = Debug|Any CPU
		Release|Any CPU = Release|Any CPU
	EndGlobalSection
	GlobalSection(ProjectConfigurationPlatforms) = postSolution
		{AFBD9C19-9C05-E1F3-7ECE-C947A4C3E8DB}.Debug|Any CPU.ActiveCfg = Debug|Any CPU
		{AFBD9C19-9C05-E1F3-7ECE-C947A4C3E8DB}.Debug|Any CPU.Build.0 = Debug|Any CPU
		{AFBD9C19-9C05-E1F3-7ECE-C947A4C3E8DB}.Release|Any CPU.ActiveCfg = Release|Any CPU
		{AFBD9C19-9C05-E1F3-7ECE-C947A4C3E8DB}.Release|Any CPU.Build.0 = Release|Any CPU
		{7660E6B7-3ED9-8741-56C7-EFF853DD360C}.Debug|Any CPU.ActiveCfg = Debug|Any CPU
		{7660E6B7-3ED9-8741-56C7-EFF853DD360C}.Debug|Any CPU.Build.0 = Debug|Any CPU
		{7660E6B7-3ED9-8741-56C7-EFF853DD360C}.Release|Any CPU.ActiveCfg = Release|Any CPU
		{7660E6B7-3ED9-8741-56C7-EFF853DD360C}.Release|Any CPU.Build.0 = Release|Any CPU
		{673A1487-0ABA-CCDB-332F-F1C89F443C54}.Debug|Any CPU.ActiveCfg = Debug|Any CPU
		{673A1487-0ABA-CCDB-332F-F1C89F443C54}.Debug|Any CPU.Build.0 = Debug|Any CPU
		{673A1487-0ABA-CCDB-332F-F1C89F443C54}.Release|Any CPU.ActiveCfg = Release|Any CPU
		{673A1487-0ABA-CCDB-332F-F1C89F443C54}.Release|Any CPU.Build.0 = Release|Any CPU
		{BE805301-ECC4-A8C4-FA50-E4A46A68E87C}.Debug|Any CPU.ActiveCfg = Debug|Any CPU
		{BE805301-ECC4-A8C4-FA50-E4A46A68E87C}.Debug|Any CPU.Build.0 = Debug|Any CPU
		{BE805301-ECC4-A8C4-FA50-E4A46A68E87C}.Release|Any CPU.ActiveCfg = Release|Any CPU
		{BE805301-ECC4-A8C4-FA50-E4A46A68E87C}.Release|Any CPU.Build.0 = Release|Any CPU
	EndGlobalSection
	GlobalSection(SolutionProperties) = preSolution
		HideSolutionNode = FALSE
	EndGlobalSection
	GlobalSection(ExtensibilityGlobals) = postSolution
		SolutionGuid = {471C50D9-5F35-4E41-9580-46CD348F14E4}
	EndGlobalSection
EndGlobal
